PODS:
  - SimpleUserDefaults (0.0.1):
    - SwiftKeychainWrapper
  - SwiftKeychainWrapper (3.0.1)

DEPENDENCIES:
  - SimpleUserDefaults (from `../`)

SPEC REPOS:
  https://github.com/cocoapods/specs.git:
    - SwiftKeychainWrapper

EXTERNAL SOURCES:
  SimpleUserDefaults:
    :path: "../"

SPEC CHECKSUMS:
  SimpleUserDefaults: 588ce34a0084cac68c34710fecc28bfb9d113fcf
  SwiftKeychainWrapper: 38952a3636320ae61bad3513cadd870929de7a4a

PODFILE CHECKSUM: 409e9c286b2de01f12859935744eaf4dfee72d9f

COCOAPODS: 1.5.3
